{
  "name": "blackphp",
  "lockfileVersion": 2,
  "requires": true,
  "packages": {
    "": {
      "dependencies": {
        "chart.js": "^3.8.0",
        "chartjs-plugin-datalabels": "^2.0.0",
        "floatthead": "^2.2.4",
        "jAlert": "^4.9.1",
        "jquery": "^3.6.0",
        "jquery-image-reader": "^1.0.0",
        "jquery-ui-dist": "^1.13.1",
        "print-this": "^1.16.0",
        "select2": "^4.1.0-rc.0"
      }
    },
    "node_modules/chart.js": {
      "version": "3.8.0",
      "resolved": "https://registry.npmjs.org/chart.js/-/chart.js-3.8.0.tgz",
      "integrity": "sha512-cr8xhrXjLIXVLOBZPkBZVF6NDeiVIrPLHcMhnON7UufudL+CNeRrD+wpYanswlm8NpudMdrt3CHoLMQMxJhHRg=="
    },
    "node_modules/chartjs-plugin-datalabels": {
      "version": "2.0.0",
      "resolved": "https://registry.npmjs.org/chartjs-plugin-datalabels/-/chartjs-plugin-datalabels-2.0.0.tgz",
      "integrity": "sha512-WBsWihphzM0Y8fmQVm89+iy99mmgejmj5/jcsYqwxSioLRL/zqJ4Scv/eXq5ZqvG3TpojlGzZLeaOaSvDm7fwA==",
      "peerDependencies": {
        "chart.js": "^3.0.0"
      }
    },
    "node_modules/floatthead": {
      "version": "2.2.4",
      "resolved": "https://registry.npmjs.org/floatthead/-/floatthead-2.2.4.tgz",
      "integrity": "sha512-3jkThaKmc6v62mUQwCBcnTsQEGLAxSIQOMK0U3o7tt3MSjNPaBc/lmaDFaJrWnFmV9LM4Jk3w/cROYJgOMJgHA=="
    },
    "node_modules/jAlert": {
      "version": "4.9.1",
      "resolved": "https://registry.npmjs.org/jAlert/-/jAlert-4.9.1.tgz",
      "integrity": "sha512-5HJQ6SMXGhfJYn1IZVSbuJKABSxaMyhF5iAgcp9U1m7vMDxQA/TV4Q7m/wk/w+172CDNBv3r+GXXNYk1942bnQ==",
      "dependencies": {
        "jquery": "^3.4.0"
      }
    },
    "node_modules/jquery": {
      "version": "3.6.0",
      "resolved": "https://registry.npmjs.org/jquery/-/jquery-3.6.0.tgz",
      "integrity": "sha512-JVzAR/AjBvVt2BmYhxRCSYysDsPcssdmTFnzyLEts9qNwmjmu4JTAMYubEfwVOSwpQ1I1sKKFcxhZCI2buerfw=="
    },
    "node_modules/jquery-image-reader": {
      "version": "1.0.0",
      "resolved": "https://registry.npmjs.org/jquery-image-reader/-/jquery-image-reader-1.0.0.tgz",
      "integrity": "sha512-8zCz2SIA805+Zjbggskrd7DM5NVIsK2hKjj1s775HivMxJEpJik3sBrV5K0JQBTeZ8FuMn40fH/hwTZQUWy8Hw=="
    },
    "node_modules/jquery-ui-dist": {
      "version": "1.13.1",
      "resolved": "https://registry.npmjs.org/jquery-ui-dist/-/jquery-ui-dist-1.13.1.tgz",
      "integrity": "sha512-Y711Pu4BRVrAlL58KSxX4ail74jaCJZaZcdNDLava+MgZeNwmVWmyYiK7KxyoJu1MB73eSunjJvYDbOuNrOA7w==",
      "dependencies": {
        "jquery": ">=1.8.0 <4.0.0"
      }
    },
    "node_modules/opencollective-postinstall": {
      "version": "2.0.3",
      "resolved": "https://registry.npmjs.org/opencollective-postinstall/-/opencollective-postinstall-2.0.3.tgz",
      "integrity": "sha512-8AV/sCtuzUeTo8gQK5qDZzARrulB3egtLzFgteqB2tcT4Mw7B8Kt7JcDHmltjz6FOAHsvTevk70gZEbhM4ZS9Q==",
      "bin": {
        "opencollective-postinstall": "index.js"
      }
    },
    "node_modules/print-this": {
      "version": "1.16.0",
      "resolved": "https://registry.npmjs.org/print-this/-/print-this-1.16.0.tgz",
      "integrity": "sha512-8iBsqf0vyG6uqknuzcJs2+JbGADCgScvSQhETv/w1dR56M08gv4pH2DDcUJI9R1Web3YBYSaqixVrQ3ACjoIxA==",
      "hasInstallScript": true,
      "dependencies": {
        "jquery": ">=1.11",
        "opencollective-postinstall": "^2.0.2"
      }
    },
    "node_modules/select2": {
      "version": "4.1.0-rc.0",
      "resolved": "https://registry.npmjs.org/select2/-/select2-4.1.0-rc.0.tgz",
      "integrity": "sha512-Hr9TdhyHCZUtwznEH2CBf7967mEM0idtJ5nMtjvk3Up5tPukOLXbHUNmh10oRfeNIhj+3GD3niu+g6sVK+gK0A=="
    }
  },
  "dependencies": {
    "chart.js": {
      "version": "3.8.0",
      "resolved": "https://registry.npmjs.org/chart.js/-/chart.js-3.8.0.tgz",
      "integrity": "sha512-cr8xhrXjLIXVLOBZPkBZVF6NDeiVIrPLHcMhnON7UufudL+CNeRrD+wpYanswlm8NpudMdrt3CHoLMQMxJhHRg=="
    },
    "chartjs-plugin-datalabels": {
      "version": "2.0.0",
      "resolved": "https://registry.npmjs.org/chartjs-plugin-datalabels/-/chartjs-plugin-datalabels-2.0.0.tgz",
      "integrity": "sha512-WBsWihphzM0Y8fmQVm89+iy99mmgejmj5/jcsYqwxSioLRL/zqJ4Scv/eXq5ZqvG3TpojlGzZLeaOaSvDm7fwA==",
      "requires": {}
    },
    "floatthead": {
      "version": "2.2.4",
      "resolved": "https://registry.npmjs.org/floatthead/-/floatthead-2.2.4.tgz",
      "integrity": "sha512-3jkThaKmc6v62mUQwCBcnTsQEGLAxSIQOMK0U3o7tt3MSjNPaBc/lmaDFaJrWnFmV9LM4Jk3w/cROYJgOMJgHA=="
    },
    "jAlert": {
      "version": "4.9.1",
      "resolved": "https://registry.npmjs.org/jAlert/-/jAlert-4.9.1.tgz",
      "integrity": "sha512-5HJQ6SMXGhfJYn1IZVSbuJKABSxaMyhF5iAgcp9U1m7vMDxQA/TV4Q7m/wk/w+172CDNBv3r+GXXNYk1942bnQ==",
      "requires": {
        "jquery": "^3.4.0"
      }
    },
    "jquery": {
      "version": "3.6.0",
      "resolved": "https://registry.npmjs.org/jquery/-/jquery-3.6.0.tgz",
      "integrity": "sha512-JVzAR/AjBvVt2BmYhxRCSYysDsPcssdmTFnzyLEts9qNwmjmu4JTAMYubEfwVOSwpQ1I1sKKFcxhZCI2buerfw=="
    },
    "jquery-image-reader": {
      "version": "1.0.0",
      "resolved": "https://registry.npmjs.org/jquery-image-reader/-/jquery-image-reader-1.0.0.tgz",
      "integrity": "sha512-8zCz2SIA805+Zjbggskrd7DM5NVIsK2hKjj1s775HivMxJEpJik3sBrV5K0JQBTeZ8FuMn40fH/hwTZQUWy8Hw=="
    },
    "jquery-ui-dist": {
      "version": "1.13.1",
      "resolved": "https://registry.npmjs.org/jquery-ui-dist/-/jquery-ui-dist-1.13.1.tgz",
      "integrity": "sha512-Y711Pu4BRVrAlL58KSxX4ail74jaCJZaZcdNDLava+MgZeNwmVWmyYiK7KxyoJu1MB73eSunjJvYDbOuNrOA7w==",
      "requires": {
        "jquery": ">=1.8.0 <4.0.0"
      }
    },
    "opencollective-postinstall": {
      "version": "2.0.3",
      "resolved": "https://registry.npmjs.org/opencollective-postinstall/-/opencollective-postinstall-2.0.3.tgz",
      "integrity": "sha512-8AV/sCtuzUeTo8gQK5qDZzARrulB3egtLzFgteqB2tcT4Mw7B8Kt7JcDHmltjz6FOAHsvTevk70gZEbhM4ZS9Q=="
    },
    "print-this": {
      "version": "1.16.0",
      "resolved": "https://registry.npmjs.org/print-this/-/print-this-1.16.0.tgz",
      "integrity": "sha512-8iBsqf0vyG6uqknuzcJs2+JbGADCgScvSQhETv/w1dR56M08gv4pH2DDcUJI9R1Web3YBYSaqixVrQ3ACjoIxA==",
      "requires": {
        "jquery": ">=1.11",
        "opencollective-postinstall": "^2.0.2"
      }
    },
    "select2": {
      "version": "4.1.0-rc.0",
      "resolved": "https://registry.npmjs.org/select2/-/select2-4.1.0-rc.0.tgz",
      "integrity": "sha512-Hr9TdhyHCZUtwznEH2CBf7967mEM0idtJ5nMtjvk3Up5tPukOLXbHUNmh10oRfeNIhj+3GD3niu+g6sVK+gK0A=="
    }
  }
}
